version: 6
environments:
  default:
    channels:
    - url: https://conda.anaconda.org/conda-forge/
    indexes:
    - https://pypi.org/simple
    packages:
      linux-64:
      - conda: https://conda.anaconda.org/conda-forge/linux-64/_openmp_mutex-4.5-7_kmp_llvm.conda
      - conda: https://conda.anaconda.org/conda-forge/noarch/anyio-4.12.0-pyhcf101f3_0.conda
      - conda: https://conda.anaconda.org/conda-forge/linux-64/bzip2-1.0.8-hda65f42_8.conda
      - conda: https://conda.anaconda.org/conda-forge/noarch/ca-certificates-2025.11.12-hbd8a1cb_0.conda
      - conda: https://conda.anaconda.org/conda-forge/noarch/click-8.3.1-pyh8f84b5b_1.conda
      - conda: https://conda.anaconda.org/conda-forge/noarch/cpython-3.13.11-py313hd8ed1ab_100.conda
      - conda: https://conda.anaconda.org/conda-forge/noarch/docutils-0.22.3-pyhd8ed1ab_0.conda
      - conda: https://conda.anaconda.org/conda-forge/noarch/exceptiongroup-1.3.1-pyhd8ed1ab_0.conda
      - conda: https://conda.anaconda.org/conda-forge/noarch/filelock-3.20.0-pyhd8ed1ab_0.conda
      - conda: https://conda.anaconda.org/conda-forge/linux-64/fmt-12.0.0-h2b0788b_0.conda
      - conda: https://conda.anaconda.org/conda-forge/noarch/fsspec-2025.12.0-pyhd8ed1ab_0.conda
      - conda: https://conda.anaconda.org/conda-forge/linux-64/gmp-6.3.0-hac33072_2.conda
      - conda: https://conda.anaconda.org/conda-forge/linux-64/gmpy2-2.2.1-py313h86d8783_2.conda
      - conda: https://conda.anaconda.org/conda-forge/noarch/h11-0.16.0-pyhd8ed1ab_0.conda
      - conda: https://conda.anaconda.org/conda-forge/noarch/idna-3.11-pyhd8ed1ab_0.conda
      - conda: https://conda.anaconda.org/conda-forge/noarch/importlib-metadata-8.7.0-pyhe01879c_1.conda
      - conda: https://conda.anaconda.org/conda-forge/noarch/itsdangerous-2.2.0-pyhd8ed1ab_1.conda
      - conda: https://conda.anaconda.org/conda-forge/noarch/jedi-0.19.2-pyhd8ed1ab_1.conda
      - conda: https://conda.anaconda.org/conda-forge/noarch/jinja2-3.1.6-pyhcf101f3_1.conda
      - conda: https://conda.anaconda.org/conda-forge/linux-64/ld_impl_linux-64-2.45-default_hbd61a6d_104.conda
      - conda: https://conda.anaconda.org/conda-forge/linux-64/libabseil-20250512.1-cxx17_hba17884_0.conda
      - conda: https://conda.anaconda.org/conda-forge/linux-64/libblas-3.11.0-4_h5875eb1_mkl.conda
      - conda: https://conda.anaconda.org/conda-forge/linux-64/libcblas-3.11.0-4_hfef963f_mkl.conda
      - conda: https://conda.anaconda.org/conda-forge/linux-64/libexpat-2.7.3-hecca717_0.conda
      - conda: https://conda.anaconda.org/conda-forge/linux-64/libffi-3.5.2-h9ec8514_0.conda
      - conda: https://conda.anaconda.org/conda-forge/linux-64/libgcc-15.2.0-he0feb66_16.conda
      - conda: https://conda.anaconda.org/conda-forge/linux-64/libgcc-ng-15.2.0-h69a702a_16.conda
      - conda: https://conda.anaconda.org/conda-forge/linux-64/libhwloc-2.12.1-default_hafda6a7_1003.conda
      - conda: https://conda.anaconda.org/conda-forge/linux-64/libiconv-1.18-h3b78370_2.conda
      - conda: https://conda.anaconda.org/conda-forge/linux-64/liblapack-3.11.0-4_h5e43f62_mkl.conda
      - conda: https://conda.anaconda.org/conda-forge/linux-64/liblzma-5.8.1-hb9d3cd8_2.conda
      - conda: https://conda.anaconda.org/conda-forge/linux-64/libmpdec-4.0.0-hb9d3cd8_0.conda
      - conda: https://conda.anaconda.org/conda-forge/linux-64/libprotobuf-6.31.1-h49aed37_2.conda
      - conda: https://conda.anaconda.org/conda-forge/linux-64/libsqlite-3.51.1-h0c1763c_0.conda
      - conda: https://conda.anaconda.org/conda-forge/linux-64/libstdcxx-15.2.0-h934c35e_16.conda
      - conda: https://conda.anaconda.org/conda-forge/linux-64/libstdcxx-ng-15.2.0-hdf11a46_16.conda
      - conda: https://conda.anaconda.org/conda-forge/linux-64/libtorch-2.9.1-cpu_mkl_hf3ca1bf_101.conda
      - conda: https://conda.anaconda.org/conda-forge/linux-64/libuuid-2.41.2-h5347b49_1.conda
      - conda: https://conda.anaconda.org/conda-forge/linux-64/libuv-1.51.0-hb03c661_1.conda
      - conda: https://conda.anaconda.org/conda-forge/linux-64/libxml2-16-2.15.1-hf2a90c1_0.conda
      - conda: https://conda.anaconda.org/conda-forge/linux-64/libxml2-2.15.1-h031cc0b_0.conda
      - conda: https://conda.anaconda.org/conda-forge/linux-64/libzlib-1.3.1-hb9d3cd8_2.conda
      - conda: https://conda.anaconda.org/conda-forge/linux-64/llvm-openmp-21.1.7-h4922eb0_0.conda
      - conda: https://conda.anaconda.org/conda-forge/linux-64/loro-1.10.3-py313hdeb11d6_0.conda
      - conda: https://conda.anaconda.org/conda-forge/linux-64/marimo-0.18.4-py313hd5f5364_0.conda
      - conda: https://conda.anaconda.org/conda-forge/noarch/markdown-3.10-pyhcf101f3_1.conda
      - conda: https://conda.anaconda.org/conda-forge/linux-64/markupsafe-3.0.3-py313h3dea7bd_0.conda
      - conda: https://conda.anaconda.org/conda-forge/linux-64/mkl-2025.3.0-h0e700b2_462.conda
      - conda: https://conda.anaconda.org/conda-forge/linux-64/mpc-1.3.1-h24ddda3_1.conda
      - conda: https://conda.anaconda.org/conda-forge/linux-64/mpfr-4.2.1-h90cbb55_3.conda
      - conda: https://conda.anaconda.org/conda-forge/noarch/mpmath-1.3.0-pyhd8ed1ab_1.conda
      - conda: https://conda.anaconda.org/conda-forge/linux-64/msgspec-0.20.0-py313h07c4f96_1.conda
      - conda: https://conda.anaconda.org/conda-forge/noarch/narwhals-2.13.0-pyhcf101f3_0.conda
      - conda: https://conda.anaconda.org/conda-forge/linux-64/ncurses-6.5-h2d0b736_3.conda
      - conda: https://conda.anaconda.org/conda-forge/noarch/networkx-3.6.1-pyhcf101f3_0.conda
      - conda: https://conda.anaconda.org/conda-forge/linux-64/numpy-2.3.5-py313hf6604e3_0.conda
      - conda: https://conda.anaconda.org/conda-forge/linux-64/openssl-3.6.0-h26f9b46_0.conda
      - conda: https://conda.anaconda.org/conda-forge/linux-64/optree-0.18.0-py313h7037e92_0.conda
      - conda: https://conda.anaconda.org/conda-forge/noarch/packaging-25.0-pyh29332c3_1.conda
      - conda: https://conda.anaconda.org/conda-forge/noarch/parso-0.8.5-pyhcf101f3_0.conda
      - conda: https://conda.anaconda.org/conda-forge/linux-64/psutil-7.1.3-py313h54dd161_0.conda
      - conda: https://conda.anaconda.org/conda-forge/noarch/pybind11-3.0.1-pyh7a1b43c_0.conda
      - conda: https://conda.anaconda.org/conda-forge/noarch/pybind11-abi-11-hc364b38_1.conda
      - conda: https://conda.anaconda.org/conda-forge/noarch/pybind11-global-3.0.1-pyhc7ab6ef_0.conda
      - conda: https://conda.anaconda.org/conda-forge/noarch/pygments-2.19.2-pyhd8ed1ab_0.conda
      - conda: https://conda.anaconda.org/conda-forge/noarch/pymdown-extensions-10.18-pyhd8ed1ab_0.conda
      - conda: https://conda.anaconda.org/conda-forge/linux-64/python-3.13.11-hc97d973_100_cp313.conda
      - conda: https://conda.anaconda.org/conda-forge/noarch/python_abi-3.13-8_cp313.conda
      - conda: https://conda.anaconda.org/conda-forge/linux-64/pytorch-2.9.1-cpu_mkl_py313_h5a1586b_101.conda
      - conda: https://conda.anaconda.org/conda-forge/linux-64/pyyaml-6.0.3-py313h3dea7bd_0.conda
      - conda: https://conda.anaconda.org/conda-forge/linux-64/readline-8.2-h8c095d6_2.conda
      - conda: https://conda.anaconda.org/conda-forge/noarch/setuptools-80.9.0-pyhff2d567_0.conda
      - conda: https://conda.anaconda.org/conda-forge/linux-64/sleef-3.9.0-ha0421bc_0.conda
      - conda: https://conda.anaconda.org/conda-forge/noarch/starlette-0.50.0-pyhfdc7a7d_0.conda
      - conda: https://conda.anaconda.org/conda-forge/noarch/sympy-1.14.0-pyh2585a3b_105.conda
      - conda: https://conda.anaconda.org/conda-forge/linux-64/tbb-2022.3.0-h8d10470_1.conda
      - conda: https://conda.anaconda.org/conda-forge/linux-64/tk-8.6.13-noxft_ha0e22de_103.conda
      - conda: https://conda.anaconda.org/conda-forge/noarch/tomlkit-0.13.3-pyha770c72_0.conda
      - conda: https://conda.anaconda.org/conda-forge/noarch/typing-extensions-4.15.0-h396c80c_0.conda
      - conda: https://conda.anaconda.org/conda-forge/noarch/typing_extensions-4.15.0-pyhcf101f3_0.conda
      - conda: https://conda.anaconda.org/conda-forge/noarch/tzdata-2025b-h78e105d_0.conda
      - conda: https://conda.anaconda.org/conda-forge/noarch/uvicorn-0.38.0-pyh31011fe_0.conda
      - conda: https://conda.anaconda.org/conda-forge/linux-64/websockets-15.0.1-py313h54dd161_2.conda
      - conda: https://conda.anaconda.org/conda-forge/linux-64/yaml-0.2.5-h280c20c_3.conda
      - conda: https://conda.anaconda.org/conda-forge/noarch/zipp-3.23.0-pyhcf101f3_1.conda
      - conda: https://conda.anaconda.org/conda-forge/linux-64/zstd-1.5.7-hb78ec9c_6.conda
      - pypi: ./
packages:
- conda: https://conda.anaconda.org/conda-forge/linux-64/_openmp_mutex-4.5-7_kmp_llvm.conda
  build_number: 7
  sha256: c0cddb66070dd6355311f7667ce2acccf70d1013edaa6e97f22859502fefdb22
  md5: 887b70e1d607fba7957aa02f9ee0d939
  depends:
  - llvm-openmp >=9.0.1
  license: BSD-3-Clause
  license_family: BSD
  purls: []
  size: 8244
  timestamp: 1764092331208
- conda: https://conda.anaconda.org/conda-forge/noarch/anyio-4.12.0-pyhcf101f3_0.conda
  sha256: 830fc81970cd9d19869909b9b16d241f4d557e4f201a1030aa6ed87c6aa8b930
  md5: 9958d4a1ee7e9c768fe8f4fb51bd07ea
  depends:
  - exceptiongroup >=1.0.2
  - idna >=2.8
  - python >=3.10
  - typing_extensions >=4.5
  - python
  constrains:
  - trio >=0.32.0
  - uvloop >=0.21
  license: MIT
  license_family: MIT
  purls:
  - pkg:pypi/anyio?source=hash-mapping
  size: 144702
  timestamp: 1764375386926
- conda: https://conda.anaconda.org/conda-forge/linux-64/bzip2-1.0.8-hda65f42_8.conda
  sha256: c30daba32ddebbb7ded490f0e371eae90f51e72db620554089103b4a6934b0d5
  md5: 51a19bba1b8ebfb60df25cde030b7ebc
  depends:
  - __glibc >=2.17,<3.0.a0
  - libgcc >=14
  license: bzip2-1.0.6
  license_family: BSD
  purls: []
  size: 260341
  timestamp: 1757437258798
- conda: https://conda.anaconda.org/conda-forge/noarch/ca-certificates-2025.11.12-hbd8a1cb_0.conda
  sha256: b986ba796d42c9d3265602bc038f6f5264095702dd546c14bc684e60c385e773
  md5: f0991f0f84902f6b6009b4d2350a83aa
  depends:
  - __unix
  license: ISC
  purls: []
  size: 152432
  timestamp: 1762967197890
- conda: https://conda.anaconda.org/conda-forge/noarch/click-8.3.1-pyh8f84b5b_1.conda
  sha256: 38cfe1ee75b21a8361c8824f5544c3866f303af1762693a178266d7f198e8715
  md5: ea8a6c3256897cc31263de9f455e25d9
  depends:
  - python >=3.10
  - __unix
  - python
  license: BSD-3-Clause
  license_family: BSD
  purls:
  - pkg:pypi/click?source=hash-mapping
  size: 97676
  timestamp: 1764518652276
- conda: https://conda.anaconda.org/conda-forge/noarch/cpython-3.13.11-py313hd8ed1ab_100.conda
  noarch: generic
  sha256: 63f677762304e6f8dc55e11dff6aafe71129cbbd0a77d176b99ba1f6a5053b77
  md5: 5bf347916a543bcb290c780fa449bf73
  depends:
  - python >=3.13,<3.14.0a0
  - python_abi * *_cp313
  license: Python-2.0
  purls: []
  size: 48369
  timestamp: 1765019689213
- conda: https://conda.anaconda.org/conda-forge/noarch/docutils-0.22.3-pyhd8ed1ab_0.conda
  sha256: ab77ee201665dc654248e3a250bd6fe05db0a1892716a6feb8da4a3162518624
  md5: abbe8c85619c87c4f4f61b44173434af
  depends:
  - python >=3.10
  license: CC-PDDC AND BSD-3-Clause AND BSD-2-Clause AND ZPL-2.1
  purls:
  - pkg:pypi/docutils?source=hash-mapping
  size: 436965
  timestamp: 1762425841874
- conda: https://conda.anaconda.org/conda-forge/noarch/exceptiongroup-1.3.1-pyhd8ed1ab_0.conda
  sha256: ee6cf346d017d954255bbcbdb424cddea4d14e4ed7e9813e429db1d795d01144
  md5: 8e662bd460bda79b1ea39194e3c4c9ab
  depends:
  - python >=3.10
  - typing_extensions >=4.6.0
  license: MIT and PSF-2.0
  purls:
  - pkg:pypi/exceptiongroup?source=hash-mapping
  size: 21333
  timestamp: 1763918099466
- conda: https://conda.anaconda.org/conda-forge/noarch/filelock-3.20.0-pyhd8ed1ab_0.conda
  sha256: 19025a4078ff3940d97eb0da29983d5e0deac9c3e09b0eabf897daeaf9d1114e
  md5: 66b8b26023b8efdf8fcb23bac4b6325d
  depends:
  - python >=3.10
  license: Unlicense
  purls:
  - pkg:pypi/filelock?source=hash-mapping
  size: 17976
  timestamp: 1759948208140
- conda: https://conda.anaconda.org/conda-forge/linux-64/fmt-12.0.0-h2b0788b_0.conda
  sha256: b546c4eb5e11c2d8eab0685593e078fd0cd483e467d5d6e307d60d887488230f
  md5: d90bf58b03d9a958cb4f9d3de539af17
  depends:
  - __glibc >=2.17,<3.0.a0
  - libgcc >=14
  - libstdcxx >=14
  license: MIT
  license_family: MIT
  purls: []
  size: 197164
  timestamp: 1760369692240
- conda: https://conda.anaconda.org/conda-forge/noarch/fsspec-2025.12.0-pyhd8ed1ab_0.conda
  sha256: 64a4ed910e39d96cd590d297982b229c57a08e70450d489faa34fd2bec36dbcc
  md5: a3b9510e2491c20c7fc0f5e730227fbb
  depends:
  - python >=3.10
  license: BSD-3-Clause
  license_family: BSD
  purls:
  - pkg:pypi/fsspec?source=compressed-mapping
  size: 147391
  timestamp: 1764784920938
- conda: https://conda.anaconda.org/conda-forge/linux-64/gmp-6.3.0-hac33072_2.conda
  sha256: 309cf4f04fec0c31b6771a5809a1909b4b3154a2208f52351e1ada006f4c750c
  md5: c94a5994ef49749880a8139cf9afcbe1
  depends:
  - libgcc-ng >=12
  - libstdcxx-ng >=12
  license: GPL-2.0-or-later OR LGPL-3.0-or-later
  purls: []
  size: 460055
  timestamp: 1718980856608
- conda: https://conda.anaconda.org/conda-forge/linux-64/gmpy2-2.2.1-py313h86d8783_2.conda
  sha256: 6bec1e6178285e62abc81f2f25e63913b541156004afb458387b66c7959469b2
  md5: d904f240d2d2500d4906361c67569217
  depends:
  - __glibc >=2.17,<3.0.a0
  - gmp >=6.3.0,<7.0a0
  - libgcc >=14
  - mpc >=1.3.1,<2.0a0
  - mpfr >=4.2.1,<5.0a0
  - python >=3.13,<3.14.0a0
  - python_abi 3.13.* *_cp313
  license: LGPL-3.0-or-later
  license_family: LGPL
  purls:
  - pkg:pypi/gmpy2?source=hash-mapping
  size: 215019
  timestamp: 1762946917870
- conda: https://conda.anaconda.org/conda-forge/noarch/h11-0.16.0-pyhd8ed1ab_0.conda
  sha256: f64b68148c478c3bfc8f8d519541de7d2616bf59d44485a5271041d40c061887
  md5: 4b69232755285701bc86a5afe4d9933a
  depends:
  - python >=3.9
  - typing_extensions
  license: MIT
  license_family: MIT
  purls:
  - pkg:pypi/h11?source=hash-mapping
  size: 37697
  timestamp: 1745526482242
- conda: https://conda.anaconda.org/conda-forge/noarch/idna-3.11-pyhd8ed1ab_0.conda
  sha256: ae89d0299ada2a3162c2614a9d26557a92aa6a77120ce142f8e0109bbf0342b0
  md5: 53abe63df7e10a6ba605dc5f9f961d36
  depends:
  - python >=3.10
  license: BSD-3-Clause
  license_family: BSD
  purls:
  - pkg:pypi/idna?source=hash-mapping
  size: 50721
  timestamp: 1760286526795
- conda: https://conda.anaconda.org/conda-forge/noarch/importlib-metadata-8.7.0-pyhe01879c_1.conda
  sha256: c18ab120a0613ada4391b15981d86ff777b5690ca461ea7e9e49531e8f374745
  md5: 63ccfdc3a3ce25b027b8767eb722fca8
  depends:
  - python >=3.9
  - zipp >=3.20
  - python
  license: Apache-2.0
  license_family: APACHE
  purls:
  - pkg:pypi/importlib-metadata?source=hash-mapping
  size: 34641
  timestamp: 1747934053147
- conda: https://conda.anaconda.org/conda-forge/noarch/itsdangerous-2.2.0-pyhd8ed1ab_1.conda
  sha256: 1684b7b16eec08efef5302ce298c606b163c18272b69a62b666fbaa61516f170
  md5: 7ac5f795c15f288984e32add616cdc59
  depends:
  - python >=3.9
  license: BSD-3-Clause
  license_family: BSD
  purls:
  - pkg:pypi/itsdangerous?source=hash-mapping
  size: 19180
  timestamp: 1733308353037
- conda: https://conda.anaconda.org/conda-forge/noarch/jedi-0.19.2-pyhd8ed1ab_1.conda
  sha256: 92c4d217e2dc68983f724aa983cca5464dcb929c566627b26a2511159667dba8
  md5: a4f4c5dc9b80bc50e0d3dc4e6e8f1bd9
  depends:
  - parso >=0.8.3,<0.9.0
  - python >=3.9
  license: Apache-2.0 AND MIT
  purls:
  - pkg:pypi/jedi?source=hash-mapping
  size: 843646
  timestamp: 1733300981994
- conda: https://conda.anaconda.org/conda-forge/noarch/jinja2-3.1.6-pyhcf101f3_1.conda
  sha256: fc9ca7348a4f25fed2079f2153ecdcf5f9cf2a0bc36c4172420ca09e1849df7b
  md5: 04558c96691bed63104678757beb4f8d
  depends:
  - markupsafe >=2.0
  - python >=3.10
  - python
  license: BSD-3-Clause
  license_family: BSD
  purls:
  - pkg:pypi/jinja2?source=compressed-mapping
  size: 120685
  timestamp: 1764517220861
- conda: https://conda.anaconda.org/conda-forge/linux-64/ld_impl_linux-64-2.45-default_hbd61a6d_104.conda
  sha256: 9e191baf2426a19507f1d0a17be0fdb7aa155cdf0f61d5a09c808e0a69464312
  md5: a6abd2796fc332536735f68ba23f7901
  depends:
  - __glibc >=2.17,<3.0.a0
  - zstd >=1.5.7,<1.6.0a0
  constrains:
  - binutils_impl_linux-64 2.45
  license: GPL-3.0-only
  license_family: GPL
  purls: []
  size: 725545
  timestamp: 1764007826689
- conda: https://conda.anaconda.org/conda-forge/linux-64/libabseil-20250512.1-cxx17_hba17884_0.conda
  sha256: dcd1429a1782864c452057a6c5bc1860f2b637dc20a2b7e6eacd57395bbceff8
  md5: 83b160d4da3e1e847bf044997621ed63
  depends:
  - __glibc >=2.17,<3.0.a0
  - libgcc >=13
  - libstdcxx >=13
  constrains:
  - libabseil-static =20250512.1=cxx17*
  - abseil-cpp =20250512.1
  license: Apache-2.0
  license_family: Apache
  purls: []
  size: 1310612
  timestamp: 1750194198254
- conda: https://conda.anaconda.org/conda-forge/linux-64/libblas-3.11.0-4_h5875eb1_mkl.conda
  build_number: 4
  sha256: 4f7754845719e52b3440b4d7c14d21ae435aefa393aaf4186f1de8bb79103d1b
  md5: bd1a86e560c3b26961279ef6b6e8d45f
  depends:
  - mkl >=2025.3.0,<2026.0a0
  constrains:
  - blas 2.304   mkl
  - liblapacke 3.11.0   4*_mkl
  - liblapack  3.11.0   4*_mkl
  - libcblas   3.11.0   4*_mkl
  track_features:
  - blas_mkl
  - blas_mkl_2
  license: BSD-3-Clause
  license_family: BSD
  purls: []
  size: 18887
  timestamp: 1764823790196
- conda: https://conda.anaconda.org/conda-forge/linux-64/libcblas-3.11.0-4_hfef963f_mkl.conda
  build_number: 4
  sha256: 943c4a02eac29f6b4c9a610daf4d943c29df9e162740455243338efcee68fa22
  md5: 41f4f9428b9d92b1b06f1fff80a2674d
  depends:
  - libblas 3.11.0 4_h5875eb1_mkl
  constrains:
  - blas 2.304   mkl
  - liblapack  3.11.0   4*_mkl
  - liblapacke 3.11.0   4*_mkl
  track_features:
  - blas_mkl
  license: BSD-3-Clause
  license_family: BSD
  purls: []
  size: 18521
  timestamp: 1764823809419
- conda: https://conda.anaconda.org/conda-forge/linux-64/libexpat-2.7.3-hecca717_0.conda
  sha256: 1e1b08f6211629cbc2efe7a5bca5953f8f6b3cae0eeb04ca4dacee1bd4e2db2f
  md5: 8b09ae86839581147ef2e5c5e229d164
  depends:
  - __glibc >=2.17,<3.0.a0
  - libgcc >=14
  constrains:
  - expat 2.7.3.*
  license: MIT
  license_family: MIT
  purls: []
  size: 76643
  timestamp: 1763549731408
- conda: https://conda.anaconda.org/conda-forge/linux-64/libffi-3.5.2-h9ec8514_0.conda
  sha256: 25cbdfa65580cfab1b8d15ee90b4c9f1e0d72128f1661449c9a999d341377d54
  md5: 35f29eec58405aaf55e01cb470d8c26a
  depends:
  - __glibc >=2.17,<3.0.a0
  - libgcc >=14
  license: MIT
  license_family: MIT
  purls: []
  size: 57821
  timestamp: 1760295480630
- conda: https://conda.anaconda.org/conda-forge/linux-64/libgcc-15.2.0-he0feb66_16.conda
  sha256: 6eed58051c2e12b804d53ceff5994a350c61baf117ec83f5f10c953a3f311451
  md5: 6d0363467e6ed84f11435eb309f2ff06
  depends:
  - __glibc >=2.17,<3.0.a0
  - _openmp_mutex >=4.5
  constrains:
  - libgcc-ng ==15.2.0=*_16
  - libgomp 15.2.0 he0feb66_16
  license: GPL-3.0-only WITH GCC-exception-3.1
  purls: []
  size: 1042798
  timestamp: 1765256792743
- conda: https://conda.anaconda.org/conda-forge/linux-64/libgcc-ng-15.2.0-h69a702a_16.conda
  sha256: 5f07f9317f596a201cc6e095e5fc92621afca64829785e483738d935f8cab361
  md5: 5a68259fac2da8f2ee6f7bfe49c9eb8b
  depends:
  - libgcc 15.2.0 he0feb66_16
  license: GPL-3.0-only WITH GCC-exception-3.1
  purls: []
  size: 27256
  timestamp: 1765256804124
- conda: https://conda.anaconda.org/conda-forge/linux-64/libhwloc-2.12.1-default_hafda6a7_1003.conda
  sha256: b9e6340da35245d5f3b7b044b4070b4980809d340bddf16c942a97a83f146aa4
  md5: 4fe840c6d6b3719b4231ed89d389bb17
  depends:
  - __glibc >=2.17,<3.0.a0
  - libgcc >=14
  - libstdcxx >=14
  - libxml2
  - libxml2-16 >=2.14.6
  license: BSD-3-Clause
  license_family: BSD
  purls: []
  size: 2449346
  timestamp: 1765089858592
- conda: https://conda.anaconda.org/conda-forge/linux-64/libiconv-1.18-h3b78370_2.conda
  sha256: c467851a7312765447155e071752d7bf9bf44d610a5687e32706f480aad2833f
  md5: 915f5995e94f60e9a4826e0b0920ee88
  depends:
  - __glibc >=2.17,<3.0.a0
  - libgcc >=14
  license: LGPL-2.1-only
  purls: []
  size: 790176
  timestamp: 1754908768807
- conda: https://conda.anaconda.org/conda-forge/linux-64/liblapack-3.11.0-4_h5e43f62_mkl.conda
  build_number: 4
  sha256: eaa6be8955febbf59770c46d14bdeeb6e38093bd8b7d73460e2d306129f998c5
  md5: f647e3368af2453546812658b5393901
  depends:
  - libblas 3.11.0 4_h5875eb1_mkl
  constrains:
  - blas 2.304   mkl
  - liblapacke 3.11.0   4*_mkl
  - libcblas   3.11.0   4*_mkl
  track_features:
  - blas_mkl
  license: BSD-3-Clause
  license_family: BSD
  purls: []
  size: 18515
  timestamp: 1764823828068
- conda: https://conda.anaconda.org/conda-forge/linux-64/liblzma-5.8.1-hb9d3cd8_2.conda
  sha256: f2591c0069447bbe28d4d696b7fcb0c5bd0b4ac582769b89addbcf26fb3430d8
  md5: 1a580f7796c7bf6393fddb8bbbde58dc
  depends:
  - __glibc >=2.17,<3.0.a0
  - libgcc >=13
  constrains:
  - xz 5.8.1.*
  license: 0BSD
  purls: []
  size: 112894
  timestamp: 1749230047870
- conda: https://conda.anaconda.org/conda-forge/linux-64/libmpdec-4.0.0-hb9d3cd8_0.conda
  sha256: 3aa92d4074d4063f2a162cd8ecb45dccac93e543e565c01a787e16a43501f7ee
  md5: c7e925f37e3b40d893459e625f6a53f1
  depends:
  - __glibc >=2.17,<3.0.a0
  - libgcc >=13
  license: BSD-2-Clause
  license_family: BSD
  purls: []
  size: 91183
  timestamp: 1748393666725
- conda: https://conda.anaconda.org/conda-forge/linux-64/libprotobuf-6.31.1-h49aed37_2.conda
  sha256: 1679f16c593d769f3dab219adb1117cbaaddb019080c5a59f79393dc9f45b84f
  md5: 94cb88daa0892171457d9fdc69f43eca
  depends:
  - __glibc >=2.17,<3.0.a0
  - libabseil * cxx17*
  - libabseil >=20250512.1,<20250513.0a0
  - libgcc >=14
  - libstdcxx >=14
  - libzlib >=1.3.1,<2.0a0
  license: BSD-3-Clause
  license_family: BSD
  purls: []
  size: 4645876
  timestamp: 1760550892361
- conda: https://conda.anaconda.org/conda-forge/linux-64/libsqlite-3.51.1-h0c1763c_0.conda
  sha256: 6f0e8a812e8e33a4d8b7a0e595efe28373080d27b78ee4828aa4f6649a088454
  md5: 2e1b84d273b01835256e53fd938de355
  depends:
  - __glibc >=2.17,<3.0.a0
  - libgcc >=14
  - libzlib >=1.3.1,<2.0a0
  license: blessing
  purls: []
  size: 938979
  timestamp: 1764359444435
- conda: https://conda.anaconda.org/conda-forge/linux-64/libstdcxx-15.2.0-h934c35e_16.conda
  sha256: 813427918316a00c904723f1dfc3da1bbc1974c5cfe1ed1e704c6f4e0798cbc6
  md5: 68f68355000ec3f1d6f26ea13e8f525f
  depends:
  - __glibc >=2.17,<3.0.a0
  - libgcc 15.2.0 he0feb66_16
  constrains:
  - libstdcxx-ng ==15.2.0=*_16
  license: GPL-3.0-only WITH GCC-exception-3.1
  purls: []
  size: 5856456
  timestamp: 1765256838573
- conda: https://conda.anaconda.org/conda-forge/linux-64/libstdcxx-ng-15.2.0-hdf11a46_16.conda
  sha256: 81f2f246c7533b41c5e0c274172d607829019621c4a0823b5c0b4a8c7028ee84
  md5: 1b3152694d236cf233b76b8c56bf0eae
  depends:
  - libstdcxx 15.2.0 h934c35e_16
  license: GPL-3.0-only WITH GCC-exception-3.1
  purls: []
  size: 27300
  timestamp: 1765256885128
- conda: https://conda.anaconda.org/conda-forge/linux-64/libtorch-2.9.1-cpu_mkl_hf3ca1bf_101.conda
  sha256: aa3fdaa5eda2786d921e18404ec58491700a13e3b0411a0e5238f2cad6627b13
  md5: 5ef08e134f6dfcf431732cb0db6f877d
  depends:
  - __glibc >=2.17,<3.0.a0
  - _openmp_mutex * *_llvm
  - _openmp_mutex >=4.5
  - fmt >=12.0.0,<12.1.0a0
  - libabseil * cxx17*
  - libabseil >=20250512.1,<20250513.0a0
  - libblas * *mkl
  - libcblas >=3.11.0,<4.0a0
  - libgcc >=14
  - libprotobuf >=6.31.1,<6.31.2.0a0
  - libstdcxx >=14
  - libuv >=1.51.0,<2.0a0
  - libzlib >=1.3.1,<2.0a0
  - llvm-openmp >=21.1.6
  - mkl >=2025.3.0,<2026.0a0
  - pybind11-abi 11
  - sleef >=3.9.0,<4.0a0
  constrains:
  - pytorch-gpu <0.0a0
  - pytorch-cpu 2.9.1
  - pytorch 2.9.1 cpu_mkl_*_101
  license: BSD-3-Clause
  license_family: BSD
  purls: []
  size: 60706524
  timestamp: 1764727539565
- conda: https://conda.anaconda.org/conda-forge/linux-64/libuuid-2.41.2-h5347b49_1.conda
  sha256: 030447cf827c471abd37092ab9714fde82b8222106f22fde94bc7a64e2704c40
  md5: 41f5c09a211985c3ce642d60721e7c3e
  depends:
  - __glibc >=2.17,<3.0.a0
  - libgcc >=14
  license: BSD-3-Clause
  license_family: BSD
  purls: []
  size: 40235
  timestamp: 1764790744114
- conda: https://conda.anaconda.org/conda-forge/linux-64/libuv-1.51.0-hb03c661_1.conda
  sha256: c180f4124a889ac343fc59d15558e93667d894a966ec6fdb61da1604481be26b
  md5: 0f03292cc56bf91a077a134ea8747118
  depends:
  - __glibc >=2.17,<3.0.a0
  - libgcc >=14
  license: MIT
  license_family: MIT
  purls: []
  size: 895108
  timestamp: 1753948278280
- conda: https://conda.anaconda.org/conda-forge/linux-64/libxml2-2.15.1-h031cc0b_0.conda
  sha256: ee64e507b37b073e0bdad739e35330933dd5be7c639600a096551a6968f1035d
  md5: a67cd8f7b0369bbf2c40411f05a62f3b
  depends:
  - __glibc >=2.17,<3.0.a0
  - libgcc >=14
  - libiconv >=1.18,<2.0a0
  - liblzma >=5.8.1,<6.0a0
  - libxml2-16 2.15.1 hf2a90c1_0
  - libzlib >=1.3.1,<2.0a0
  constrains:
  - icu <0.0a0
  license: MIT
  license_family: MIT
  purls: []
  size: 45292
  timestamp: 1761015784683
- conda: https://conda.anaconda.org/conda-forge/linux-64/libxml2-16-2.15.1-hf2a90c1_0.conda
  sha256: f5220ff49efc31431279859049199b9250e79f98c1dee1da12feb74bda2d9cf1
  md5: 23720d17346b21efb08d68c2255c8431
  depends:
  - __glibc >=2.17,<3.0.a0
  - libgcc >=14
  - libiconv >=1.18,<2.0a0
  - liblzma >=5.8.1,<6.0a0
  - libzlib >=1.3.1,<2.0a0
  constrains:
  - libxml2 2.15.1
  - icu <0.0a0
  license: MIT
  license_family: MIT
  purls: []
  size: 554734
  timestamp: 1761015772672
- conda: https://conda.anaconda.org/conda-forge/linux-64/libzlib-1.3.1-hb9d3cd8_2.conda
  sha256: d4bfe88d7cb447768e31650f06257995601f89076080e76df55e3112d4e47dc4
  md5: edb0dca6bc32e4f4789199455a1dbeb8
  depends:
  - __glibc >=2.17,<3.0.a0
  - libgcc >=13
  constrains:
  - zlib 1.3.1 *_2
  license: Zlib
  license_family: Other
  purls: []
  size: 60963
  timestamp: 1727963148474
- conda: https://conda.anaconda.org/conda-forge/linux-64/llvm-openmp-21.1.7-h4922eb0_0.conda
  sha256: 6579325669ba27344be66f319c316396f09d9f1a054178df257009591b7d7f43
  md5: ec29f865968a81e1961b3c2f2765eebb
  depends:
  - __glibc >=2.17,<3.0.a0
  constrains:
  - intel-openmp <0.0a0
  - openmp 21.1.7|21.1.7.*
  license: Apache-2.0 WITH LLVM-exception
  license_family: APACHE
  purls: []
  size: 6115936
  timestamp: 1764721254857
- conda: https://conda.anaconda.org/conda-forge/linux-64/loro-1.10.3-py313hdeb11d6_0.conda
  sha256: 80f1dba80058542e4292987d53ce84e13421e61e0b270d7e4f3253ffe55d3f65
  md5: eb726536a8ca5de7c31dfd3467b9131c
  depends:
  - python
  - __glibc >=2.17,<3.0.a0
  - python_abi 3.13.* *_cp313
  constrains:
  - __glibc >=2.17
  license: MIT
  purls:
  - pkg:pypi/loro?source=hash-mapping
  size: 2762993
  timestamp: 1765278715274
- conda: https://conda.anaconda.org/conda-forge/linux-64/marimo-0.18.4-py313hd5f5364_0.conda
  sha256: 5497e05029acd23138ca0b529a25a59e85b325a1a3d272d946bedde8fe880cab
  md5: 8be6eb48cd1f3aa2e738e39dfd194155
  depends:
  - python
  - click >=8.0,<9
  - jedi >=0.18.0
  - markdown >=3.6,<4
  - pymdown-extensions >=10.15,<11
  - pygments >=2.19,<3
  - tomlkit >=0.12.0
  - pyyaml >=6.0
  - uvicorn >=0.22.0
  - starlette >=0.35.0,!=0.36.0
  - websockets >=14.2.0
  - loro >=1.5.0
  - docutils >=0.16.0
  - psutil >=5.0
  - itsdangerous >=2
  - narwhals >=2.0.0
  - packaging
  - msgspec >=0.20.0
  - python_abi 3.13.* *_cp313
  license: Apache-2.0
  purls:
  - pkg:pypi/marimo?source=hash-mapping
  size: 33206690
  timestamp: 1765306870858
- conda: https://conda.anaconda.org/conda-forge/noarch/markdown-3.10-pyhcf101f3_1.conda
  sha256: 32af5d32e3193b7c0ea02c33cc8753bfc0965d07e1aa58418a851d0bb94a7792
  md5: 934afb77580165027b869d4104ee002f
  depends:
  - importlib-metadata >=4.4
  - python >=3.10
  - python
  license: BSD-3-Clause
  license_family: BSD
  purls:
  - pkg:pypi/markdown?source=hash-mapping
  size: 85401
  timestamp: 1762856570927
- conda: https://conda.anaconda.org/conda-forge/linux-64/markupsafe-3.0.3-py313h3dea7bd_0.conda
  sha256: a530a411bdaaf0b1e4de8869dfaca46cb07407bc7dc0702a9e231b0e5ce7ca85
  md5: c14389156310b8ed3520d84f854be1ee
  depends:
  - __glibc >=2.17,<3.0.a0
  - libgcc >=14
  - python >=3.13,<3.14.0a0
  - python_abi 3.13.* *_cp313
  constrains:
  - jinja2 >=3.0.0
  license: BSD-3-Clause
  license_family: BSD
  purls:
  - pkg:pypi/markupsafe?source=hash-mapping
  size: 25909
  timestamp: 1759055357045
- conda: https://conda.anaconda.org/conda-forge/linux-64/mkl-2025.3.0-h0e700b2_462.conda
  sha256: b5ddfb4378c19d0d69e751478a7733dee035d1dd1f206e7a88a5df4ee71345e0
  md5: a2e8e73f7132ea5ea70fda6f3cf05578
  depends:
  - __glibc >=2.17,<3.0.a0
  - _openmp_mutex * *_llvm
  - _openmp_mutex >=4.5
  - libgcc >=14
  - libstdcxx >=14
  - llvm-openmp >=21.1.4
  - tbb >=2022.2.0
  license: LicenseRef-IntelSimplifiedSoftwareOct2022
  license_family: Proprietary
  purls: []
  size: 125177250
  timestamp: 1761668323993
- conda: https://conda.anaconda.org/conda-forge/linux-64/mpc-1.3.1-h24ddda3_1.conda
  sha256: 1bf794ddf2c8b3a3e14ae182577c624fa92dea975537accff4bc7e5fea085212
  md5: aa14b9a5196a6d8dd364164b7ce56acf
  depends:
  - __glibc >=2.17,<3.0.a0
  - gmp >=6.3.0,<7.0a0
  - libgcc >=13
  - mpfr >=4.2.1,<5.0a0
  license: LGPL-3.0-or-later
  license_family: LGPL
  purls: []
  size: 116777
  timestamp: 1725629179524
- conda: https://conda.anaconda.org/conda-forge/linux-64/mpfr-4.2.1-h90cbb55_3.conda
  sha256: f25d2474dd557ca66c6231c8f5ace5af312efde1ba8290a6ea5e1732a4e669c0
  md5: 2eeb50cab6652538eee8fc0bc3340c81
  depends:
  - __glibc >=2.17,<3.0.a0
  - gmp >=6.3.0,<7.0a0
  - libgcc >=13
  license: LGPL-3.0-only
  license_family: LGPL
  purls: []
  size: 634751
  timestamp: 1725746740014
- conda: https://conda.anaconda.org/conda-forge/noarch/mpmath-1.3.0-pyhd8ed1ab_1.conda
  sha256: 7d7aa3fcd6f42b76bd711182f3776a02bef09a68c5f117d66b712a6d81368692
  md5: 3585aa87c43ab15b167b574cd73b057b
  depends:
  - python >=3.9
  license: BSD-3-Clause
  license_family: BSD
  purls:
  - pkg:pypi/mpmath?source=hash-mapping
  size: 439705
  timestamp: 1733302781386
- conda: https://conda.anaconda.org/conda-forge/linux-64/msgspec-0.20.0-py313h07c4f96_1.conda
  sha256: 6f8f3ca22425b1c3719a92671f3a1064a8d9802d96518ff85de5e870fe00d9b4
  md5: 2f755c22960d58d26692047f62650825
  depends:
  - __glibc >=2.17,<3.0.a0
  - libgcc >=14
  - python >=3.13,<3.14.0a0
  - python_abi 3.13.* *_cp313
  license: BSD-3-Clause
  license_family: BSD
  purls:
  - pkg:pypi/msgspec?source=hash-mapping
  size: 219135
  timestamp: 1764125787010
- conda: https://conda.anaconda.org/conda-forge/noarch/narwhals-2.13.0-pyhcf101f3_0.conda
  sha256: 03220ba0560de1d81b8b122e8ff6313238dbb1ed621db39f4b81f767904ed475
  md5: 0129bb97a81c2ca0f57031673424387a
  depends:
  - python >=3.10
  - python
  license: MIT
  license_family: MIT
  purls:
  - pkg:pypi/narwhals?source=compressed-mapping
  size: 268700
  timestamp: 1764604454148
- conda: https://conda.anaconda.org/conda-forge/linux-64/ncurses-6.5-h2d0b736_3.conda
  sha256: 3fde293232fa3fca98635e1167de6b7c7fda83caf24b9d6c91ec9eefb4f4d586
  md5: 47e340acb35de30501a76c7c799c41d7
  depends:
  - __glibc >=2.17,<3.0.a0
  - libgcc >=13
  license: X11 AND BSD-3-Clause
  purls: []
  size: 891641
  timestamp: 1738195959188
- conda: https://conda.anaconda.org/conda-forge/noarch/networkx-3.6.1-pyhcf101f3_0.conda
  sha256: f6a82172afc50e54741f6f84527ef10424326611503c64e359e25a19a8e4c1c6
  md5: a2c1eeadae7a309daed9d62c96012a2b
  depends:
  - python >=3.11
  - python
  constrains:
  - numpy >=1.25
  - scipy >=1.11.2
  - matplotlib-base >=3.8
  - pandas >=2.0
  license: BSD-3-Clause
  purls:
  - pkg:pypi/networkx?source=compressed-mapping
  size: 1587439
  timestamp: 1765215107045
- conda: https://conda.anaconda.org/conda-forge/linux-64/numpy-2.3.5-py313hf6604e3_0.conda
  sha256: d54453cb875ed66139c973313465f757a5d6c7ab5760b96484ae56cb8a16ca23
  md5: 15f43bcd12c90186e78801fafc53d89b
  depends:
  - python
  - libgcc >=14
  - libstdcxx >=14
  - libgcc >=14
  - __glibc >=2.17,<3.0.a0
  - liblapack >=3.9.0,<4.0a0
  - libcblas >=3.9.0,<4.0a0
  - libblas >=3.9.0,<4.0a0
  - python_abi 3.13.* *_cp313
  constrains:
  - numpy-base <0a0
  license: BSD-3-Clause
  license_family: BSD
  purls:
  - pkg:pypi/numpy?source=hash-mapping
  size: 8919466
  timestamp: 1763351050066
- conda: https://conda.anaconda.org/conda-forge/linux-64/openssl-3.6.0-h26f9b46_0.conda
  sha256: a47271202f4518a484956968335b2521409c8173e123ab381e775c358c67fe6d
  md5: 9ee58d5c534af06558933af3c845a780
  depends:
  - __glibc >=2.17,<3.0.a0
  - ca-certificates
  - libgcc >=14
  license: Apache-2.0
  license_family: Apache
  purls: []
  size: 3165399
  timestamp: 1762839186699
- conda: https://conda.anaconda.org/conda-forge/linux-64/optree-0.18.0-py313h7037e92_0.conda
  sha256: b804456be2a77dddf195d4348e2f8ce2773c345bbff7243278dba663719ee4f9
  md5: 33901d2cb4969c6b57eefe767d69fa69
  depends:
  - __glibc >=2.17,<3.0.a0
  - libgcc >=14
  - libstdcxx >=14
  - python >=3.13,<3.14.0a0
  - python_abi 3.13.* *_cp313
  - typing-extensions >=4.12
  license: Apache-2.0
  license_family: Apache
  purls:
  - pkg:pypi/optree?source=hash-mapping
  size: 455343
  timestamp: 1763124565369
- conda: https://conda.anaconda.org/conda-forge/noarch/packaging-25.0-pyh29332c3_1.conda
  sha256: 289861ed0c13a15d7bbb408796af4de72c2fe67e2bcb0de98f4c3fce259d7991
  md5: 58335b26c38bf4a20f399384c33cbcf9
  depends:
  - python >=3.8
  - python
  license: Apache-2.0
  license_family: APACHE
  purls:
  - pkg:pypi/packaging?source=hash-mapping
  size: 62477
  timestamp: 1745345660407
- conda: https://conda.anaconda.org/conda-forge/noarch/parso-0.8.5-pyhcf101f3_0.conda
  sha256: 30de7b4d15fbe53ffe052feccde31223a236dae0495bab54ab2479de30b2990f
  md5: a110716cdb11cf51482ff4000dc253d7
  depends:
  - python >=3.10
  - python
  license: MIT
  license_family: MIT
  purls:
  - pkg:pypi/parso?source=hash-mapping
  size: 81562
  timestamp: 1755974222274
- conda: https://conda.anaconda.org/conda-forge/linux-64/psutil-7.1.3-py313h54dd161_0.conda
  sha256: 26cf5a69d04ef66f03516b8a8211a43bb23d5225faacd7d36e5c987b0d66af0a
  md5: 1d719fc61f91ab2644a2eeb35fcab360
  depends:
  - python
  - libgcc >=14
  - __glibc >=2.17,<3.0.a0
  - python_abi 3.13.* *_cp313
  license: BSD-3-Clause
  license_family: BSD
  purls:
  - pkg:pypi/psutil?source=hash-mapping
  size: 501735
  timestamp: 1762092897061
- conda: https://conda.anaconda.org/conda-forge/noarch/pybind11-3.0.1-pyh7a1b43c_0.conda
  sha256: 2558727093f13d4c30e124724566d16badd7de532fd8ee7483628977117d02be
  md5: 70ece62498c769280f791e836ac53fff
  depends:
  - python >=3.8
  - pybind11-global ==3.0.1 *_0
  - python
  constrains:
  - pybind11-abi ==11
  license: BSD-3-Clause
  license_family: BSD
  purls:
  - pkg:pypi/pybind11?source=hash-mapping
  size: 232875
  timestamp: 1755953378112
- conda: https://conda.anaconda.org/conda-forge/noarch/pybind11-abi-11-hc364b38_1.conda
  sha256: 9e7fe12f727acd2787fb5816b2049cef4604b7a00ad3e408c5e709c298ce8bf1
  md5: f0599959a2447c1e544e216bddf393fa
  license: BSD-3-Clause
  license_family: BSD
  purls: []
  size: 14671
  timestamp: 1752769938071
- conda: https://conda.anaconda.org/conda-forge/noarch/pybind11-global-3.0.1-pyhc7ab6ef_0.conda
  sha256: f11a5903879fe3a24e0d28329cb2b1945127e85a4cdb444b45545cf079f99e2d
  md5: fe10b422ce8b5af5dab3740e4084c3f9
  depends:
  - python >=3.8
  - __unix
  - python
  constrains:
  - pybind11-abi ==11
  license: BSD-3-Clause
  license_family: BSD
  purls:
  - pkg:pypi/pybind11-global?source=hash-mapping
  size: 228871
  timestamp: 1755953338243
- conda: https://conda.anaconda.org/conda-forge/noarch/pygments-2.19.2-pyhd8ed1ab_0.conda
  sha256: 5577623b9f6685ece2697c6eb7511b4c9ac5fb607c9babc2646c811b428fd46a
  md5: 6b6ece66ebcae2d5f326c77ef2c5a066
  depends:
  - python >=3.9
  license: BSD-2-Clause
  license_family: BSD
  purls:
  - pkg:pypi/pygments?source=hash-mapping
  size: 889287
  timestamp: 1750615908735
- conda: https://conda.anaconda.org/conda-forge/noarch/pymdown-extensions-10.18-pyhd8ed1ab_0.conda
  sha256: 6499eff6402a09b703ae654a74b77dc58896b3fe7d80aea462365e06465adeb3
  md5: 06c602bd3bc55ba8898e141dc1ce27df
  depends:
  - markdown >=3.6
  - python >=3.10
  - pyyaml
  license: MIT
  license_family: MIT
  purls:
  - pkg:pypi/pymdown-extensions?source=compressed-mapping
  size: 171923
  timestamp: 1765134003027
- conda: https://conda.anaconda.org/conda-forge/linux-64/python-3.13.11-hc97d973_100_cp313.conda
  build_number: 100
  sha256: 9cf014cf28e93ee242bacfbf664e8b45ae06e50b04291e640abeaeb0cba0364c
  md5: 0cbb0010f1d8ecb64a428a8d4214609e
  depends:
  - __glibc >=2.17,<3.0.a0
  - bzip2 >=1.0.8,<2.0a0
  - ld_impl_linux-64 >=2.36.1
  - libexpat >=2.7.3,<3.0a0
  - libffi >=3.5.2,<3.6.0a0
  - libgcc >=14
  - liblzma >=5.8.1,<6.0a0
  - libmpdec >=4.0.0,<5.0a0
  - libsqlite >=3.51.1,<4.0a0
  - libuuid >=2.41.2,<3.0a0
  - libzlib >=1.3.1,<2.0a0
  - ncurses >=6.5,<7.0a0
  - openssl >=3.5.4,<4.0a0
  - python_abi 3.13.* *_cp313
  - readline >=8.2,<9.0a0
  - tk >=8.6.13,<8.7.0a0
  - tzdata
  license: Python-2.0
  purls: []
  size: 37226336
  timestamp: 1765021889577
  python_site_packages_path: lib/python3.13/site-packages
- conda: https://conda.anaconda.org/conda-forge/noarch/python_abi-3.13-8_cp313.conda
  build_number: 8
  sha256: 210bffe7b121e651419cb196a2a63687b087497595c9be9d20ebe97dd06060a7
  md5: 94305520c52a4aa3f6c2b1ff6008d9f8
  constrains:
  - python 3.13.* *_cp313
  license: BSD-3-Clause
  license_family: BSD
  purls: []
  size: 7002
  timestamp: 1752805902938
- conda: https://conda.anaconda.org/conda-forge/linux-64/pytorch-2.9.1-cpu_mkl_py313_h5a1586b_101.conda
  sha256: 8306d3249375fabe1701f8f39d78517cd0a698f020f0c2565d91cb1a2e6e4381
  md5: 48b128d28e7849060753d14a5f249f27
  depends:
  - __glibc >=2.17,<3.0.a0
  - _openmp_mutex * *_llvm
  - _openmp_mutex >=4.5
  - filelock
  - fmt >=12.0.0,<12.1.0a0
  - fsspec
  - jinja2
  - libabseil * cxx17*
  - libabseil >=20250512.1,<20250513.0a0
  - libblas * *mkl
  - libcblas >=3.11.0,<4.0a0
  - libgcc >=14
  - libprotobuf >=6.31.1,<6.31.2.0a0
  - libstdcxx >=14
  - libtorch 2.9.1 cpu_mkl_hf3ca1bf_101
  - libuv >=1.51.0,<2.0a0
  - libzlib >=1.3.1,<2.0a0
  - llvm-openmp >=21.1.6
  - mkl >=2025.3.0,<2026.0a0
  - networkx
  - numpy >=1.23,<3
  - optree >=0.13.0
  - pybind11
  - pybind11-abi 11
  - python >=3.13,<3.14.0a0
  - python_abi 3.13.* *_cp313
  - setuptools
  - sleef >=3.9.0,<4.0a0
  - sympy >=1.13.3
  - typing_extensions >=4.10.0
  constrains:
  - pytorch-gpu <0.0a0
  - pytorch-cpu 2.9.1
  license: BSD-3-Clause
  license_family: BSD
  purls:
  - pkg:pypi/torch?source=hash-mapping
  size: 25567649
  timestamp: 1764729681744
- conda: https://conda.anaconda.org/conda-forge/linux-64/pyyaml-6.0.3-py313h3dea7bd_0.conda
  sha256: 40dcd6718dce5fbee8aabdd0519f23d456d8feb2e15ac352eaa88bbfd3a881af
  md5: 4794ea0adaebd9f844414e594b142cb2
  depends:
  - __glibc >=2.17,<3.0.a0
  - libgcc >=14
  - python >=3.13,<3.14.0a0
  - python_abi 3.13.* *_cp313
  - yaml >=0.2.5,<0.3.0a0
  license: MIT
  license_family: MIT
  purls:
  - pkg:pypi/pyyaml?source=hash-mapping
  size: 207109
  timestamp: 1758892173548
- conda: https://conda.anaconda.org/conda-forge/linux-64/readline-8.2-h8c095d6_2.conda
  sha256: 2d6d0c026902561ed77cd646b5021aef2d4db22e57a5b0178dfc669231e06d2c
  md5: 283b96675859b20a825f8fa30f311446
  depends:
  - libgcc >=13
  - ncurses >=6.5,<7.0a0
  license: GPL-3.0-only
  license_family: GPL
  purls: []
  size: 282480
  timestamp: 1740379431762
- conda: https://conda.anaconda.org/conda-forge/noarch/setuptools-80.9.0-pyhff2d567_0.conda
  sha256: 972560fcf9657058e3e1f97186cc94389144b46dbdf58c807ce62e83f977e863
  md5: 4de79c071274a53dcaf2a8c749d1499e
  depends:
  - python >=3.9
  license: MIT
  license_family: MIT
  purls:
  - pkg:pypi/setuptools?source=hash-mapping
  size: 748788
  timestamp: 1748804951958
- conda: https://conda.anaconda.org/conda-forge/linux-64/sleef-3.9.0-ha0421bc_0.conda
  sha256: 57afc2ab5bdb24cf979964018dddbc5dfaee130b415e6863765e45aed2175ee4
  md5: e8a0b4f5e82ecacffaa5e805020473cb
  depends:
  - __glibc >=2.17,<3.0.a0
  - _openmp_mutex >=4.5
  - libgcc >=14
  - libstdcxx >=14
  license: BSL-1.0
  purls: []
  size: 1951720
  timestamp: 1756274576844
- conda: https://conda.anaconda.org/conda-forge/noarch/starlette-0.50.0-pyhfdc7a7d_0.conda
  sha256: ab9ab67faa3cf12f45f5ced316e2c50dc72b4046cd275612fae756fe9d4cf82c
  md5: 68bcb398c375177cf117cf608c274f9d
  depends:
  - anyio >=3.6.2,<5
  - python >=3.10
  - typing_extensions >=4.10.0
  - python
  license: BSD-3-Clause
  license_family: BSD
  purls:
  - pkg:pypi/starlette?source=hash-mapping
  size: 64760
  timestamp: 1762016292582
- conda: https://conda.anaconda.org/conda-forge/noarch/sympy-1.14.0-pyh2585a3b_105.conda
  sha256: 09d3b6ac51d437bc996ad006d9f749ca5c645c1900a854a6c8f193cbd13f03a8
  md5: 8c09fac3785696e1c477156192d64b91
  depends:
  - __unix
  - cpython
  - gmpy2 >=2.0.8
  - mpmath >=0.19
  - python >=3.9
  license: BSD-3-Clause
  license_family: BSD
  purls:
  - pkg:pypi/sympy?source=hash-mapping
  size: 4616621
  timestamp: 1745946173026
- conda: https://conda.anaconda.org/conda-forge/linux-64/tbb-2022.3.0-h8d10470_1.conda
  sha256: 2e3238234ae094d5a5f7c559410ea8875351b6bac0d9d0e576bf64b732b8029e
  md5: e3259be3341da4bc06c5b7a78c8bf1bd
  depends:
  - __glibc >=2.17,<3.0.a0
  - libgcc >=14
  - libhwloc >=2.12.1,<2.12.2.0a0
  - libstdcxx >=14
  license: Apache-2.0
  license_family: APACHE
  purls: []
  size: 181262
  timestamp: 1762509955687
- conda: https://conda.anaconda.org/conda-forge/linux-64/tk-8.6.13-noxft_ha0e22de_103.conda
  sha256: 1544760538a40bcd8ace2b1d8ebe3eb5807ac268641f8acdc18c69c5ebfeaf64
  md5: 86bc20552bf46075e3d92b67f089172d
  depends:
  - __glibc >=2.17,<3.0.a0
  - libgcc >=13
  - libzlib >=1.3.1,<2.0a0
  constrains:
  - xorg-libx11 >=1.8.12,<2.0a0
  license: TCL
  license_family: BSD
  purls: []
  size: 3284905
  timestamp: 1763054914403
- conda: https://conda.anaconda.org/conda-forge/noarch/tomlkit-0.13.3-pyha770c72_0.conda
  sha256: f8d3b49c084831a20923f66826f30ecfc55a4cd951e544b7213c692887343222
  md5: 146402bf0f11cbeb8f781fa4309a95d3
  depends:
  - python >=3.9
  license: MIT
  license_family: MIT
  purls:
  - pkg:pypi/tomlkit?source=hash-mapping
  size: 38777
  timestamp: 1749127286558
- pypi: ./
  name: torchleet
  version: 0.1.0
  sha256: 41ccb9babb35feacb93d103ebe988d4573aaeba2274f96b5b73f7b10386769ba
  requires_python: '>=3.13'
  editable: true
- conda: https://conda.anaconda.org/conda-forge/noarch/typing-extensions-4.15.0-h396c80c_0.conda
  sha256: 7c2df5721c742c2a47b2c8f960e718c930031663ac1174da67c1ed5999f7938c
  md5: edd329d7d3a4ab45dcf905899a7a6115
  depends:
  - typing_extensions ==4.15.0 pyhcf101f3_0
  license: PSF-2.0
  license_family: PSF
  purls: []
  size: 91383
  timestamp: 1756220668932
- conda: https://conda.anaconda.org/conda-forge/noarch/typing_extensions-4.15.0-pyhcf101f3_0.conda
  sha256: 032271135bca55aeb156cee361c81350c6f3fb203f57d024d7e5a1fc9ef18731
  md5: 0caa1af407ecff61170c9437a808404d
  depends:
  - python >=3.10
  - python
  license: PSF-2.0
  license_family: PSF
  purls:
  - pkg:pypi/typing-extensions?source=hash-mapping
  size: 51692
  timestamp: 1756220668932
- conda: https://conda.anaconda.org/conda-forge/noarch/tzdata-2025b-h78e105d_0.conda
  sha256: 5aaa366385d716557e365f0a4e9c3fca43ba196872abbbe3d56bb610d131e192
  md5: 4222072737ccff51314b5ece9c7d6f5a
  license: LicenseRef-Public-Domain
  purls: []
  size: 122968
  timestamp: 1742727099393
- conda: https://conda.anaconda.org/conda-forge/noarch/uvicorn-0.38.0-pyh31011fe_0.conda
  sha256: 32e637726fd7cfeb74058e829b116e17514d001846fef56d8c763ec9ec5ac887
  md5: d3aa78bc38d9478e9eed5f128ba35f41
  depends:
  - __unix
  - click >=7.0
  - h11 >=0.8
  - python >=3.10
  - typing_extensions >=4.0
  license: BSD-3-Clause
  license_family: BSD
  purls:
  - pkg:pypi/uvicorn?source=hash-mapping
  size: 51717
  timestamp: 1760803935306
- conda: https://conda.anaconda.org/conda-forge/linux-64/websockets-15.0.1-py313h54dd161_2.conda
  sha256: 9de398238e7737d79a36db16f49b1e82b032c7ea7458f8af7396653c5f9bf6bc
  md5: d6dccef73e6b207a6ad0095e19c7690f
  depends:
  - python
  - libgcc >=14
  - __glibc >=2.17,<3.0.a0
  - python_abi 3.13.* *_cp313
  license: BSD-3-Clause
  license_family: BSD
  purls:
  - pkg:pypi/websockets?source=hash-mapping
  size: 364253
  timestamp: 1756476348604
- conda: https://conda.anaconda.org/conda-forge/linux-64/yaml-0.2.5-h280c20c_3.conda
  sha256: 6d9ea2f731e284e9316d95fa61869fe7bbba33df7929f82693c121022810f4ad
  md5: a77f85f77be52ff59391544bfe73390a
  depends:
  - libgcc >=14
  - __glibc >=2.17,<3.0.a0
  license: MIT
  license_family: MIT
  purls: []
  size: 85189
  timestamp: 1753484064210
- conda: https://conda.anaconda.org/conda-forge/noarch/zipp-3.23.0-pyhcf101f3_1.conda
  sha256: b4533f7d9efc976511a73ef7d4a2473406d7f4c750884be8e8620b0ce70f4dae
  md5: 30cd29cb87d819caead4d55184c1d115
  depends:
  - python >=3.10
  - python
  license: MIT
  license_family: MIT
  purls:
  - pkg:pypi/zipp?source=compressed-mapping
  size: 24194
  timestamp: 1764460141901
- conda: https://conda.anaconda.org/conda-forge/linux-64/zstd-1.5.7-hb78ec9c_6.conda
  sha256: 68f0206ca6e98fea941e5717cec780ed2873ffabc0e1ed34428c061e2c6268c7
  md5: 4a13eeac0b5c8e5b8ab496e6c4ddd829
  depends:
  - __glibc >=2.17,<3.0.a0
  - libzlib >=1.3.1,<2.0a0
  license: BSD-3-Clause
  license_family: BSD
  purls: []
  size: 601375
  timestamp: 1764777111296
